{
  "object": {
    "pins": [
      {
        "package": "DifferenceKit",
        "repositoryURL": "https://github.com/ZevEisenberg/DifferenceKit",
        "state": {
          "branch": "master",
          "revision": "5ee7b34575b03ccc5cf9fcb57f22184dec7bac6a",
          "version": null
        }
      },
      {
        "package": "MagazineLayout",
        "repositoryURL": "https://github.com/airbnb/MagazineLayout",
        "state": {
          "branch": "master",
          "revision": "4a5eff2203ad8d8c7e14ea1b283b64f9320752a9",
          "version": null
        }
      }
    ]
  },
  "version": 1
}
