{
  "object": {
    "pins": [
      {
        "package": "DifferenceKit",
        "repositoryURL": "https://github.com/ZevEisenberg/DifferenceKit",
        "state": {
          "branch": "master",
          "revision": "5ee7b34575b03ccc5cf9fcb57f22184dec7bac6a",
          "version": null
        }
      }
    ]
  },
  "version": 1
}
